// !$*UTF8*$!
{
	archiveVersion = 1;
	classes = {
	};
	objectVersion = 56;
	objects = {

/* Begin PBXBuildFile section */
		47EF7ABE28F69035005813BF /* AppDelegate.m in Sources */ = {isa = PBXBuildFile; fileRef = 47EF7ABD28F69035005813BF /* AppDelegate.m */; };
		47EF7AC128F69035005813BF /* SceneDelegate.m in Sources */ = {isa = PBXBuildFile; fileRef = 47EF7AC028F69035005813BF /* SceneDelegate.m */; };
		47EF7AC428F69035005813BF /* ViewController.m in Sources */ = {isa = PBXBuildFile; fileRef = 47EF7AC328F69035005813BF /* ViewController.m */; };
		47EF7AC728F69035005813BF /* Main.storyboard in Resources */ = {isa = PBXBuildFile; fileRef = 47EF7AC528F69035005813BF /* Main.storyboard */; };
		47EF7AC928F69036005813BF /* Assets.xcassets in Resources */ = {isa = PBXBuildFile; fileRef = 47EF7AC828F69036005813BF /* Assets.xcassets */; };
		47EF7ACC28F69036005813BF /* LaunchScreen.storyboard in Resources */ = {isa = PBXBuildFile; fileRef = 47EF7ACA28F69036005813BF /* LaunchScreen.storyboard */; };
		47EF7ACF28F69036005813BF /* main.m in Sources */ = {isa = PBXBuildFile; fileRef = 47EF7ACE28F69036005813BF /* main.m */; };
		47EF7AD828F6904F005813BF /* TPGradientButton.m in Sources */ = {isa = PBXBuildFile; fileRef = 47EF7AD728F6904F005813BF /* TPGradientButton.m */; };
/* End PBXBuildFile section */

/* Begin PBXFileReference section */
		47EF7AB928F69035005813BF /* TPGradientButton.app */ = {isa = PBXFileReference; explicitFileType = wrapper.application; includeInIndex = 0; path = TPGradientButton.app; sourceTree = BUILT_PRODUCTS_DIR; };
		47EF7ABC28F69035005813BF /* AppDelegate.h */ = {isa = PBXFileReference; lastKnownFileType = sourcecode.c.h; path = AppDelegate.h; sourceTree = "<group>"; };
		47EF7ABD28F69035005813BF /* AppDelegate.m */ = {isa = PBXFileReference; lastKnownFileType = sourcecode.c.objc; path = AppDelegate.m; sourceTree = "<group>"; };
		47EF7ABF28F69035005813BF /* SceneDelegate.h */ = {isa = PBXFileReference; lastKnownFileType = sourcecode.c.h; path = SceneDelegate.h; sourceTree = "<group>"; };
		47EF7AC028F69035005813BF /* SceneDelegate.m */ = {isa = PBXFileReference; lastKnownFileType = sourcecode.c.objc; path = SceneDelegate.m; sourceTree = "<group>"; };
		47EF7AC228F69035005813BF /* ViewController.h */ = {isa = PBXFileReference; lastKnownFileType = sourcecode.c.h; path = ViewController.h; sourceTree = "<group>"; };
		47EF7AC328F69035005813BF /* ViewController.m */ = {isa = PBXFileReference; lastKnownFileType = sourcecode.c.objc; path = ViewController.m; sourceTree = "<group>"; };
		47EF7AC628F69035005813BF /* Base */ = {isa = PBXFileReference; lastKnownFileType = file.storyboard; name = Base; path = Base.lproj/Main.storyboard; sourceTree = "<group>"; };
		47EF7AC828F69036005813BF /* Assets.xcassets */ = {isa = PBXFileReference; lastKnownFileType = folder.assetcatalog; path = Assets.xcassets; sourceTree = "<group>"; };
		47EF7ACB28F69036005813BF /* Base */ = {isa = PBXFileReference; lastKnownFileType = file.storyboard; name = Base; path = Base.lproj/LaunchScreen.storyboard; sourceTree = "<group>"; };
		47EF7ACD28F69036005813BF /* Info.plist */ = {isa = PBXFileReference; lastKnownFileType = text.plist.xml; path = Info.plist; sourceTree = "<group>"; };
		47EF7ACE28F69036005813BF /* main.m */ = {isa = PBXFileReference; lastKnownFileType = sourcecode.c.objc; path = main.m; sourceTree = "<group>"; };
		47EF7AD628F6904F005813BF /* TPGradientButton.h */ = {isa = PBXFileReference; fileEncoding = 4; lastKnownFileType = sourcecode.c.h; path = TPGradientButton.h; sourceTree = "<group>"; };
		47EF7AD728F6904F005813BF /* TPGradientButton.m */ = {isa = PBXFileReference; fileEncoding = 4; lastKnownFileType = sourcecode.c.objc; path = TPGradientButton.m; sourceTree = "<group>"; };
/* End PBXFileReference section */

/* Begin PBXFrameworksBuildPhase section */
		47EF7AB628F69035005813BF /* Frameworks */ = {
			isa = PBXFrameworksBuildPhase;
			buildActionMask = 2147483647;
			files = (
			);
			runOnlyForDeploymentPostprocessing = 0;
		};
/* End PBXFrameworksBuildPhase section */

/* Begin PBXGroup section */
		47EF7AB028F69035005813BF = {
			isa = PBXGroup;
			children = (
				47EF7ABB28F69035005813BF /* TPGradientButton */,
				47EF7ABA28F69035005813BF /* Products */,
			);
			sourceTree = "<group>";
		};
		47EF7ABA28F69035005813BF /* Products */ = {
			isa = PBXGroup;
			children = (
				47EF7AB928F69035005813BF /* TPGradientButton.app */,
			);
			name = Products;
			sourceTree = "<group>";
		};
		47EF7ABB28F69035005813BF /* TPGradientButton */ = {
			isa = PBXGroup;
			children = (
				47EF7AD528F6904F005813BF /* TPGradientButton */,
				47EF7ABC28F69035005813BF /* AppDelegate.h */,
				47EF7ABD28F69035005813BF /* AppDelegate.m */,
				47EF7ABF28F69035005813BF /* SceneDelegate.h */,
				47EF7AC028F69035005813BF /* SceneDelegate.m */,
				47EF7AC228F69035005813BF /* ViewController.h */,
				47EF7AC328F69035005813BF /* ViewController.m */,
				47EF7AC528F69035005813BF /* Main.storyboard */,
				47EF7AC828F69036005813BF /* Assets.xcassets */,
				47EF7ACA28F69036005813BF /* LaunchScreen.storyboard */,
				47EF7ACD28F69036005813BF /* Info.plist */,
				47EF7ACE28F69036005813BF /* main.m */,
			);
			path = TPGradientButton;
			sourceTree = "<group>";
		};
		47EF7AD528F6904F005813BF /* TPGradientButton */ = {
			isa = PBXGroup;
			children = (
				47EF7AD628F6904F005813BF /* TPGradientButton.h */,
				47EF7AD728F6904F005813BF /* TPGradientButton.m */,
			);
			path = TPGradientButton;
			sourceTree = "<group>";
		};
/* End PBXGroup section */

/* Begin PBXNativeTarget section */
		47EF7AB828F69035005813BF /* TPGradientButton */ = {
			isa = PBXNativeTarget;
			buildConfigurationList = 47EF7AD228F69036005813BF /* Build configuration list for PBXNativeTarget "TPGradientButton" */;
			buildPhases = (
				47EF7AB528F69035005813BF /* Sources */,
				47EF7AB628F69035005813BF /* Frameworks */,
				47EF7AB728F69035005813BF /* Resources */,
			);
			buildRules = (
			);
			dependencies = (
			);
			name = TPGradientButton;
			productName = TPGradientButton;
			productReference = 47EF7AB928F69035005813BF /* TPGradientButton.app */;
			productType = "com.apple.product-type.application";
		};
/* End PBXNativeTarget section */

/* Begin PBXProject section */
		47EF7AB128F69035005813BF /* Project object */ = {
			isa = PBXProject;
			attributes = {
				BuildIndependentTargetsInParallel = 1;
				LastUpgradeCheck = 1400;
				TargetAttributes = {
					47EF7AB828F69035005813BF = {
						CreatedOnToolsVersion = 14.0;
					};
				};
			};
			buildConfigurationList = 47EF7AB428F69035005813BF /* Build configuration list for PBXProject "TPGradientButton" */;
			compatibilityVersion = "Xcode 14.0";
			developmentRegion = en;
			hasScannedForEncodings = 0;
			knownRegions = (
				en,
				Base,
			);
			mainGroup = 47EF7AB028F69035005813BF;
			productRefGroup = 47EF7ABA28F69035005813BF /* Products */;
			projectDirPath = "";
			projectRoot = "";
			targets = (
				47EF7AB828F69035005813BF /* TPGradientButton */,
			);
		};
/* End PBXProject section */

/* Begin PBXResourcesBuildPhase section */
		47EF7AB728F69035005813BF /* Resources */ = {
			isa = PBXResourcesBuildPhase;
			buildActionMask = 2147483647;
			files = (
				47EF7ACC28F69036005813BF /* LaunchScreen.storyboard in Resources */,
				47EF7AC928F69036005813BF /* Assets.xcassets in Resources */,
				47EF7AC728F69035005813BF /* Main.storyboard in Resources */,
			);
			runOnlyForDeploymentPostprocessing = 0;
		};
/* End PBXResourcesBuildPhase section */

/* Begin PBXSourcesBuildPhase section */
		47EF7AB528F69035005813BF /* Sources */ = {
			isa = PBXSourcesBuildPhase;
			buildActionMask = 2147483647;
			files = (
				47EF7AC428F69035005813BF /* ViewController.m in Sources */,
				47EF7ABE28F69035005813BF /* AppDelegate.m in Sources */,
				47EF7AD828F6904F005813BF /* TPGradientButton.m in Sources */,
				47EF7ACF28F69036005813BF /* main.m in Sources */,
				47EF7AC128F69035005813BF /* SceneDelegate.m in Sources */,
			);
			runOnlyForDeploymentPostprocessing = 0;
		};
/* End PBXSourcesBuildPhase section */

/* Begin PBXVariantGroup section */
		47EF7AC528F69035005813BF /* Main.storyboard */ = {
			isa = PBXVariantGroup;
			children = (
				47EF7AC628F69035005813BF /* Base */,
			);
			name = Main.storyboard;
			sourceTree = "<group>";
		};
		47EF7ACA28F69036005813BF /* LaunchScreen.storyboard */ = {
			isa = PBXVariantGroup;
			children = (
				47EF7ACB28F69036005813BF /* Base */,
			);
			name = LaunchScreen.storyboard;
			sourceTree = "<group>";
		};
/* End PBXVariantGroup section */

/* Begin XCBuildConfiguration section */
		47EF7AD028F69036005813BF /* Debug */ = {
			isa = XCBuildConfiguration;
			buildSettings = {
				ALWAYS_SEARCH_USER_PATHS = NO;
				CLANG_ANALYZER_NONNULL = YES;
				CLANG_ANALYZER_NUMBER_OBJECT_CONVERSION = YES_AGGRESSIVE;
				CLANG_CXX_LANGUAGE_STANDARD = "gnu++20";
				CLANG_ENABLE_MODULES = YES;
				CLANG_ENABLE_OBJC_ARC = YES;
				CLANG_ENABLE_OBJC_WEAK = YES;
				CLANG_WARN_BLOCK_CAPTURE_AUTORELEASING = YES;
				CLANG_WARN_BOOL_CONVERSION = YES;
				CLANG_WARN_COMMA = YES;
				CLANG_WARN_CONSTANT_CONVERSION = YES;
				CLANG_WARN_DEPRECATED_OBJC_IMPLEMENTATIONS = YES;
				CLANG_WARN_DIRECT_OBJC_ISA_USAGE = YES_ERROR;
				CLANG_WARN_DOCUMENTATION_COMMENTS = YES;
				CLANG_WARN_EMPTY_BODY = YES;
				CLANG_WARN_ENUM_CONVERSION = YES;
				CLANG_WARN_INFINITE_RECURSION = YES;
				CLANG_WARN_INT_CONVERSION = YES;
				CLANG_WARN_NON_LITERAL_NULL_CONVERSION = YES;
				CLANG_WARN_OBJC_IMPLICIT_RETAIN_SELF = YES;
				CLANG_WARN_OBJC_LITERAL_CONVERSION = YES;
				CLANG_WARN_OBJC_ROOT_CLASS = YES_ERROR;
				CLANG_WARN_QUOTED_INCLUDE_IN_FRAMEWORK_HEADER = YES;
				CLANG_WARN_RANGE_LOOP_ANALYSIS = YES;
				CLANG_WARN_STRICT_PROTOTYPES = YES;
				CLANG_WARN_SUSPICIOUS_MOVE = YES;
				CLANG_WARN_UNGUARDED_AVAILABILITY = YES_AGGRESSIVE;
				CLANG_WARN_UNREACHABLE_CODE = YES;
				CLANG_WARN__DUPLICATE_METHOD_MATCH = YES;
				COPY_PHASE_STRIP = NO;
				DEBUG_INFORMATION_FORMAT = dwarf;
				ENABLE_STRICT_OBJC_MSGSEND = YES;
				ENABLE_TESTABILITY = YES;
				GCC_C_LANGUAGE_STANDARD = gnu11;
				GCC_DYNAMIC_NO_PIC = NO;
				GCC_NO_COMMON_BLOCKS = YES;
				GCC_OPTIMIZATION_LEVEL = 0;
				GCC_PREPROCESSOR_DEFINITIONS = (
					"DEBUG=1",
					"$(inherited)",
				);
				GCC_WARN_64_TO_32_BIT_CONVERSION = YES;
				GCC_WARN_ABOUT_RETURN_TYPE = YES_ERROR;
				GCC_WARN_UNDECLARED_SELECTOR = YES;
				GCC_WARN_UNINITIALIZED_AUTOS = YES_AGGRESSIVE;
				GCC_WARN_UNUSED_FUNCTION = YES;
				GCC_WARN_UNUSED_VARIABLE = YES;
				IPHONEOS_DEPLOYMENT_TARGET = 16.0;
				MTL_ENABLE_DEBUG_INFO = INCLUDE_SOURCE;
				MTL_FAST_MATH = YES;
				ONLY_ACTIVE_ARCH = YES;
				SDKROOT = iphoneos;
			};
			name = Debug;
		};
		47EF7AD128F69036005813BF /* Release */ = {
			isa = XCBuildConfiguration;
			buildSettings = {
				ALWAYS_SEARCH_USER_PATHS = NO;
				CLANG_ANALYZER_NONNULL = YES;
				CLANG_ANALYZER_NUMBER_OBJECT_CONVERSION = YES_AGGRESSIVE;
				CLANG_CXX_LANGUAGE_STANDARD = "gnu++20";
				CLANG_ENABLE_MODULES = YES;
				CLANG_ENABLE_OBJC_ARC = YES;
				CLANG_ENABLE_OBJC_WEAK = YES;
				CLANG_WARN_BLOCK_CAPTURE_AUTORELEASING = YES;
				CLANG_WARN_BOOL_CONVERSION = YES;
				CLANG_WARN_COMMA = YES;
				CLANG_WARN_CONSTANT_CONVERSION = YES;
				CLANG_WARN_DEPRECATED_OBJC_IMPLEMENTATIONS = YES;
				CLANG_WARN_DIRECT_OBJC_ISA_USAGE = YES_ERROR;
				CLANG_WARN_DOCUMENTATION_COMMENTS = YES;
				CLANG_WARN_EMPTY_BODY = YES;
				CLANG_WARN_ENUM_CONVERSION = YES;
				CLANG_WARN_INFINITE_RECURSION = YES;
				CLANG_WARN_INT_CONVERSION = YES;
				CLANG_WARN_NON_LITERAL_NULL_CONVERSION = YES;
				CLANG_WARN_OBJC_IMPLICIT_RETAIN_SELF = YES;
				CLANG_WARN_OBJC_LITERAL_CONVERSION = YES;
				CLANG_WARN_OBJC_ROOT_CLASS = YES_ERROR;
				CLANG_WARN_QUOTED_INCLUDE_IN_FRAMEWORK_HEADER = YES;
				CLANG_WARN_RANGE_LOOP_ANALYSIS = YES;
				CLANG_WARN_STRICT_PROTOTYPES = YES;
				CLANG_WARN_SUSPICIOUS_MOVE = YES;
				CLANG_WARN_UNGUARDED_AVAILABILITY = YES_AGGRESSIVE;
				CLANG_WARN_UNREACHABLE_CODE = YES;
				CLANG_WARN__DUPLICATE_METHOD_MATCH = YES;
				COPY_PHASE_STRIP = NO;
				DEBUG_INFORMATION_FORMAT = "dwarf-with-dsym";
				ENABLE_NS_ASSERTIONS = NO;
				ENABLE_STRICT_OBJC_MSGSEND = YES;
				GCC_C_LANGUAGE_STANDARD = gnu11;
				GCC_NO_COMMON_BLOCKS = YES;
				GCC_WARN_64_TO_32_BIT_CONVERSION = YES;
				GCC_WARN_ABOUT_RETURN_TYPE = YES_ERROR;
				GCC_WARN_UNDECLARED_SELECTOR = YES;
				GCC_WARN_UNINITIALIZED_AUTOS = YES_AGGRESSIVE;
				GCC_WARN_UNUSED_FUNCTION = YES;
				GCC_WARN_UNUSED_VARIABLE = YES;
				IPHONEOS_DEPLOYMENT_TARGET = 16.0;
				MTL_ENABLE_DEBUG_INFO = NO;
				MTL_FAST_MATH = YES;
				SDKROOT = iphoneos;
				VALIDATE_PRODUCT = YES;
			};
			name = Release;
		};
		47EF7AD328F69036005813BF /* Debug */ = {
			isa = XCBuildConfiguration;
			buildSettings = {
				ASSETCATALOG_COMPILER_APPICON_NAME = AppIcon;
				ASSETCATALOG_COMPILER_GLOBAL_ACCENT_COLOR_NAME = AccentColor;
				CODE_SIGN_STYLE = Automatic;
				CURRENT_PROJECT_VERSION = 1;
				GENERATE_INFOPLIST_FILE = YES;
				INFOPLIST_FILE = TPGradientButton/Info.plist;
				INFOPLIST_KEY_UIApplicationSupportsIndirectInputEvents = YES;
				INFOPLIST_KEY_UILaunchStoryboardName = LaunchScreen;
				INFOPLIST_KEY_UIMainStoryboardFile = Main;
				INFOPLIST_KEY_UISupportedInterfaceOrientations_iPad = "UIInterfaceOrientationPortrait UIInterfaceOrientationPortraitUpsideDown UIInterfaceOrientationLandscapeLeft UIInterfaceOrientationLandscapeRight";
				INFOPLIST_KEY_UISupportedInterfaceOrientations_iPhone = "UIInterfaceOrientationPortrait UIInterfaceOrientationLandscapeLeft UIInterfaceOrientationLandscapeRight";
				LD_RUNPATH_SEARCH_PATHS = (
					"$(inherited)",
					"@executable_path/Frameworks",
				);
				MARKETING_VERSION = 1.0;
				PRODUCT_BUNDLE_IDENTIFIER = com.TPGradientButton.demo.TPGradientButton;
				PRODUCT_NAME = "$(TARGET_NAME)";
				SWIFT_EMIT_LOC_STRINGS = YES;
				TARGETED_DEVICE_FAMILY = "1,2";
			};
			name = Debug;
		};
		47EF7AD428F69036005813BF /* Release */ = {
			isa = XCBuildConfiguration;
			buildSettings = {
				ASSETCATALOG_COMPILER_APPICON_NAME = AppIcon;
				ASSETCATALOG_COMPILER_GLOBAL_ACCENT_COLOR_NAME = AccentColor;
				CODE_SIGN_STYLE = Automatic;
				CURRENT_PROJECT_VERSION = 1;
				GENERATE_INFOPLIST_FILE = YES;
				INFOPLIST_FILE = TPGradientButton/Info.plist;
				INFOPLIST_KEY_UIApplicationSupportsIndirectInputEvents = YES;
				INFOPLIST_KEY_UILaunchStoryboardName = LaunchScreen;
				INFOPLIST_KEY_UIMainStoryboardFile = Main;
				INFOPLIST_KEY_UISupportedInterfaceOrientations_iPad = "UIInterfaceOrientationPortrait UIInterfaceOrientationPortraitUpsideDown UIInterfaceOrientationLandscapeLeft UIInterfaceOrientationLandscapeRight";
				INFOPLIST_KEY_UISupportedInterfaceOrientations_iPhone = "UIInterfaceOrientationPortrait UIInterfaceOrientationLandscapeLeft UIInterfaceOrientationLandscapeRight";
				LD_RUNPATH_SEARCH_PATHS = (
					"$(inherited)",
					"@executable_path/Frameworks",
				);
				MARKETING_VERSION = 1.0;
				PRODUCT_BUNDLE_IDENTIFIER = com.TPGradientButton.demo.TPGradientButton;
				PRODUCT_NAME = "$(TARGET_NAME)";
				SWIFT_EMIT_LOC_STRINGS = YES;
				TARGETED_DEVICE_FAMILY = "1,2";
			};
			name = Release;
		};
/* End XCBuildConfiguration section */

/* Begin XCConfigurationList section */
		47EF7AB428F69035005813BF /* Build configuration list for PBXProject "TPGradientButton" */ = {
			isa = XCConfigurationList;
			buildConfigurations = (
				47EF7AD028F69036005813BF /* Debug */,
				47EF7AD128F69036005813BF /* Release */,
			);
			defaultConfigurationIsVisible = 0;
			defaultConfigurationName = Release;
		};
		47EF7AD228F69036005813BF /* Build configuration list for PBXNativeTarget "TPGradientButton" */ = {
			isa = XCConfigurationList;
			buildConfigurations = (
				47EF7AD328F69036005813BF /* Debug */,
				47EF7AD428F69036005813BF /* Release */,
			);
			defaultConfigurationIsVisible = 0;
			defaultConfigurationName = Release;
		};
/* End XCConfigurationList section */
	};
	rootObject = 47EF7AB128F69035005813BF /* Project object */;
}
